{
    "_readme": [
        "This file locks the dependencies of your project to a known state",
        "Read more about it at https://getcomposer.org/doc/01-basic-usage.md#installing-dependencies",
        "This file is @generated automatically"
    ],
    "content-hash": "7452b7622d359edbe3f31113eeb03a22",
    "packages": [
        {
            "name": "ckeditor/ckeditor",
            "version": "4.23.0",
            "source": {
                "type": "git",
                "url": "https://github.com/ckeditor/ckeditor4-releases.git",
                "reference": "13a70b2385e6ff7805c2faff1278fca6e42646f7"
            },
            "dist": {
                "type": "zip",
                "url": "https://api.github.com/repos/ckeditor/ckeditor4-releases/zipball/13a70b2385e6ff7805c2faff1278fca6e42646f7",
                "reference": "13a70b2385e6ff7805c2faff1278fca6e42646f7",
                "shasum": ""
            },
            "type": "library",
            "notification-url": "https://packagist.org/downloads/",
            "license": [
                "GPL-2.0+",
                "LGPL-2.1+",
                "MPL-1.1+"
            ],
            "authors": [
                {
                    "name": "CKSource",
                    "homepage": "https://cksource.com"
                }
            ],
            "description": "JavaScript WYSIWYG web text editor.",
            "homepage": "https://ckeditor.com/ckeditor-4/",
            "keywords": [
                "CKEditor",
                "ckeditor4",
                "editor",
                "fckeditor",
                "html",
                "javascript",
                "richtext",
                "text",
                "wysiwyg"
            ],
            "support": {
                "forum": "https://stackoverflow.com/tags/ckeditor",
                "issues": "https://github.com/ckeditor/ckeditor4/issues",
                "source": "https://github.com/ckeditor/ckeditor4",
                "wiki": "https://ckeditor.com/docs/ckeditor4/latest/"
            },
            "time": "2023-08-24T13:32:10+00:00"
        },
        {
            "name": "summernote/summernote",
            "version": "v0.8.8",
            "source": {
                "type": "git",
                "url": "https://github.com/summernote/summernote.git",
                "reference": "28b5be6cd5e1c422cdb15aae6ef237b6c2f3f16c"
            },
            "dist": {
                "type": "zip",
                "url": "https://api.github.com/repos/summernote/summernote/zipball/28b5be6cd5e1c422cdb15aae6ef237b6c2f3f16c",
                "reference": "28b5be6cd5e1c422cdb15aae6ef237b6c2f3f16c",
                "shasum": ""
            },
            "type": "library",
            "notification-url": "https://packagist.org/downloads/",
            "license": [
                "MIT"
            ],
            "authors": [
                {
                    "name": "Alan",
                    "email": "susukang98@gmail.com",
                    "role": "lead"
                }
            ],
            "description": "Super Simple WYSIWYG Editor on Bootstrap(3.0 and 2.x).",
            "homepage": "http://summernote.org/",
            "keywords": [
                "wysiwyg"
            ],
            "support": {
                "issues": "https://github.com/summernote/summernote/issues",
                "source": "https://github.com/summernote/summernote/tree/v0.8.8"
            },
            "abandoned": true,
            "time": "2017-09-09T11:08:25+00:00"
        }
    ],
    "packages-dev": [],
    "aliases": [],
    "minimum-stability": "stable",
    "stability-flags": [],
    "prefer-stable": false,
    "prefer-lowest": false,
    "platform": [],
    "platform-dev": [],
    "plugin-api-version": "2.6.0"
}
